{
  "nodes": {
    "home-manager": {
      "inputs": {
        "nixpkgs": [
          "nixpkgs"
        ]
      },
      "locked": {
        "lastModified": 1782423922,
        "narHash": "sha256-qPNd6lUohHP5gcJhqQ7rLV87RwIx0xYR2A4Frb9Zjc4=",
        "owner": "nix-community",
        "repo": "home-manager",
        "rev": "5d320ab301cfaaca7d32514f13815d19d109f5f4",
        "type": "github"
      },
      "original": {
        "owner": "nix-community",
        "repo": "home-manager",
        "type": "github"
      }
    },
    "nixpkgs": {
      "locked": {
        "lastModified": 1781577229,
        "narHash": "sha256-lrp67w8AulE9Ks53n27I45ADSzbOCn4H+CNW1Ck8B+8=",
        "owner": "NixOS",
        "repo": "nixpkgs",
        "rev": "567a49d1913ce81ac6e9582e3553dd90a955875f",
        "type": "github"
      },
      "original": {
        "id": "nixpkgs",
        "ref": "nixos-unstable",
        "type": "indirect"
      }
    },
    "noctalia": {
      "inputs": {
        "nixpkgs": [
          "nixpkgs"
        ]
      },
      "locked": {
        "lastModified": 1782462073,
        "narHash": "sha256-i6LyUBzvPSwnDk29dKGL0s0rTszLQaVXi4g2tnv6LvY=",
        "owner": "noctalia-dev",
        "repo": "noctalia-shell",
        "rev": "4263897d054bd56f23e26cee3bda63bcd011c56b",
        "type": "github"
      },
      "original": {
        "owner": "noctalia-dev",
        "repo": "noctalia-shell",
        "type": "github"
      }
    },
    "root": {
      "inputs": {
        "home-manager": "home-manager",
        "nixpkgs": "nixpkgs",
        "noctalia": "noctalia",
        "zen-browser": "zen-browser"
      }
    },
    "zen-browser": {
      "inputs": {
        "home-manager": [
          "home-manager"
        ],
        "nixpkgs": [
          "nixpkgs"
        ]
      },
      "locked": {
        "lastModified": 1782460457,
        "narHash": "sha256-R3EXRxLmv1uqMtacBi0L8gUCOWC6EpCPSXebf8e+vac=",
        "owner": "0xc000022070",
        "repo": "zen-browser-flake",
        "rev": "563e515460b6c3bb68552979e3abbca447f8aaf1",
        "type": "github"
      },
      "original": {
        "owner": "0xc000022070",
        "repo": "zen-browser-flake",
        "type": "github"
      }
    }
  },
  "root": "root",
  "version": 7
}
